
Microsoft Visual Studio Solution File, Format Version 12.00
# Visual Studio Version 17
VisualStudioVersion = 17.11.35303.130
MinimumVisualStudioVersion = 10.0.40219.1
Project("{9A19103F-16F7-4668-BE54-9A1E7A4F7556}") = "CleanArchitecture.Api", "CleanArchitecture.Api\CleanArchitecture.Api.csproj", "{07A9D95C-5669-4146-8DB3-B65EBA34A82D}"
EndProject
Project("{FAE04EC0-301F-11D3-BF4B-00C04F79EFBC}") = "CleanArchitecture.Entity", "CleanArchitecture.Entity\CleanArchitecture.Entity.csproj", "{0E96FF72-AA7F-4695-B289-588A4A94F6D5}"
EndProject
Project("{FAE04EC0-301F-11D3-BF4B-00C04F79EFBC}") = "CleanArchitecture.DataTransferObject", "CleanArchitecture.DataTransferObject\CleanArchitecture.DataTransferObject.csproj", "{6F90CD70-61BD-465E-99A7-004256DFD7A2}"
EndProject
Project("{FAE04EC0-301F-11D3-BF4B-00C04F79EFBC}") = "CleanArchitecture.Service", "CleanArchitecture.Service\CleanArchitecture.Service.csproj", "{0F8F1709-AEC2-4177-A19D-9903C338217E}"
EndProject
Project("{FAE04EC0-301F-11D3-BF4B-00C04F79EFBC}") = "CleanArchitecture.Repository", "CleanArchitecture.Repository\CleanArchitecture.Repository.csproj", "{3E0D7DFD-268C-4CF8-BE78-E6E51A29DA3F}"
EndProject
Global
	GlobalSection(SolutionConfigurationPlatforms) = preSolution
		Debug|Any CPU = Debug|Any CPU
		Release|Any CPU = Release|Any CPU
	EndGlobalSection
	GlobalSection(ProjectConfigurationPlatforms) = postSolution
		{07A9D95C-5669-4146-8DB3-B65EBA34A82D}.Debug|Any CPU.ActiveCfg = Debug|Any CPU
		{07A9D95C-5669-4146-8DB3-B65EBA34A82D}.Debug|Any CPU.Build.0 = Debug|Any CPU
		{07A9D95C-5669-4146-8DB3-B65EBA34A82D}.Release|Any CPU.ActiveCfg = Release|Any CPU
		{07A9D95C-5669-4146-8DB3-B65EBA34A82D}.Release|Any CPU.Build.0 = Release|Any CPU
		{0E96FF72-AA7F-4695-B289-588A4A94F6D5}.Debug|Any CPU.ActiveCfg = Debug|Any CPU
		{0E96FF72-AA7F-4695-B289-588A4A94F6D5}.Debug|Any CPU.Build.0 = Debug|Any CPU
		{0E96FF72-AA7F-4695-B289-588A4A94F6D5}.Release|Any CPU.ActiveCfg = Release|Any CPU
		{0E96FF72-AA7F-4695-B289-588A4A94F6D5}.Release|Any CPU.Build.0 = Release|Any CPU
		{6F90CD70-61BD-465E-99A7-004256DFD7A2}.Debug|Any CPU.ActiveCfg = Debug|Any CPU
		{6F90CD70-61BD-465E-99A7-004256DFD7A2}.Debug|Any CPU.Build.0 = Debug|Any CPU
		{6F90CD70-61BD-465E-99A7-004256DFD7A2}.Release|Any CPU.ActiveCfg = Release|Any CPU
		{6F90CD70-61BD-465E-99A7-004256DFD7A2}.Release|Any CPU.Build.0 = Release|Any CPU
		{0F8F1709-AEC2-4177-A19D-9903C338217E}.Debug|Any CPU.ActiveCfg = Debug|Any CPU
		{0F8F1709-AEC2-4177-A19D-9903C338217E}.Debug|Any CPU.Build.0 = Debug|Any CPU
		{0F8F1709-AEC2-4177-A19D-9903C338217E}.Release|Any CPU.ActiveCfg = Release|Any CPU
		{0F8F1709-AEC2-4177-A19D-9903C338217E}.Release|Any CPU.Build.0 = Release|Any CPU
		{3E0D7DFD-268C-4CF8-BE78-E6E51A29DA3F}.Debug|Any CPU.ActiveCfg = Debug|Any CPU
		{3E0D7DFD-268C-4CF8-BE78-E6E51A29DA3F}.Debug|Any CPU.Build.0 = Debug|Any CPU
		{3E0D7DFD-268C-4CF8-BE78-E6E51A29DA3F}.Release|Any CPU.ActiveCfg = Release|Any CPU
		{3E0D7DFD-268C-4CF8-BE78-E6E51A29DA3F}.Release|Any CPU.Build.0 = Release|Any CPU
	EndGlobalSection
	GlobalSection(SolutionProperties) = preSolution
		HideSolutionNode = FALSE
	EndGlobalSection
	GlobalSection(ExtensibilityGlobals) = postSolution
		SolutionGuid = {9AE49E65-6345-42C3-B8F2-561C5DA61892}
	EndGlobalSection
EndGlobal
